
Microsoft Visual Studio Solution File, Format Version 12.00
# Visual Studio Version 16
VisualStudioVersion = 16.0.29905.134
MinimumVisualStudioVersion = 10.0.40219.1
Project("{FAE04EC0-301F-11D3-BF4B-00C04F79EFBC}") = "jewDCC", "jewDCC\jewDCC.csproj", "{AD162585-DD8A-4096-B4BF-D0B13D0271D4}"
EndProject
Global
	GlobalSection(SolutionConfigurationPlatforms) = preSolution
		Debug|Any CPU = Debug|Any CPU
		Release|Any CPU = Release|Any CPU
	EndGlobalSection
	GlobalSection(ProjectConfigurationPlatforms) = postSolution
		{AD162585-DD8A-4096-B4BF-D0B13D0271D4}.Debug|Any CPU.ActiveCfg = Debug|Any CPU
		{AD162585-DD8A-4096-B4BF-D0B13D0271D4}.Debug|Any CPU.Build.0 = Debug|Any CPU
		{AD162585-DD8A-4096-B4BF-D0B13D0271D4}.Release|Any CPU.ActiveCfg = Release|Any CPU
		{AD162585-DD8A-4096-B4BF-D0B13D0271D4}.Release|Any CPU.Build.0 = Release|Any CPU
	EndGlobalSection
	GlobalSection(SolutionProperties) = preSolution
		HideSolutionNode = FALSE
	EndGlobalSection
	GlobalSection(ExtensibilityGlobals) = postSolution
		SolutionGuid = {7751B888-B027-4129-B311-5CF04E20EA3C}
	EndGlobalSection
EndGlobal
